
Microsoft Visual Studio Solution File, Format Version 12.00
# Visual Studio Version 17
VisualStudioVersion = 17.8.34316.72
MinimumVisualStudioVersion = 10.0.40219.1
Project("{FAE04EC0-301F-11D3-BF4B-00C04F79EFBC}") = "SendPdfFile", "SendPdfFile\SendPdfFile.csproj", "{B8EBC28A-68F6-465F-B380-8C544141123C}"
EndProject
Global
	GlobalSection(SolutionConfigurationPlatforms) = preSolution
		Debug|Any CPU = Debug|Any CPU
		Release|Any CPU = Release|Any CPU
	EndGlobalSection
	GlobalSection(ProjectConfigurationPlatforms) = postSolution
		{B8EBC28A-68F6-465F-B380-8C544141123C}.Debug|Any CPU.ActiveCfg = Debug|Any CPU
		{B8EBC28A-68F6-465F-B380-8C544141123C}.Debug|Any CPU.Build.0 = Debug|Any CPU
		{B8EBC28A-68F6-465F-B380-8C544141123C}.Release|Any CPU.ActiveCfg = Release|Any CPU
		{B8EBC28A-68F6-465F-B380-8C544141123C}.Release|Any CPU.Build.0 = Release|Any CPU
	EndGlobalSection
	GlobalSection(SolutionProperties) = preSolution
		HideSolutionNode = FALSE
	EndGlobalSection
	GlobalSection(ExtensibilityGlobals) = postSolution
		SolutionGuid = {FD478F90-EC9C-4D7E-A02C-5A73E934793D}
	EndGlobalSection
EndGlobal
